
Microsoft Visual Studio Solution File, Format Version 12.00
# Visual Studio Version 17
VisualStudioVersion = 17.5.33530.505
MinimumVisualStudioVersion = 10.0.40219.1
Project("{9A19103F-16F7-4668-BE54-9A1E7A4F7556}") = "PayPowerBill", "PayPowerBill.csproj", "{D0D36B43-7B35-44B7-9051-6EAA3B18EE4F}"
EndProject
Global
	GlobalSection(SolutionConfigurationPlatforms) = preSolution
		Debug|Any CPU = Debug|Any CPU
		Release|Any CPU = Release|Any CPU
	EndGlobalSection
	GlobalSection(ProjectConfigurationPlatforms) = postSolution
		{D0D36B43-7B35-44B7-9051-6EAA3B18EE4F}.Debug|Any CPU.ActiveCfg = Debug|Any CPU
		{D0D36B43-7B35-44B7-9051-6EAA3B18EE4F}.Debug|Any CPU.Build.0 = Debug|Any CPU
		{D0D36B43-7B35-44B7-9051-6EAA3B18EE4F}.Release|Any CPU.ActiveCfg = Release|Any CPU
		{D0D36B43-7B35-44B7-9051-6EAA3B18EE4F}.Release|Any CPU.Build.0 = Release|Any CPU
	EndGlobalSection
	GlobalSection(SolutionProperties) = preSolution
		HideSolutionNode = FALSE
	EndGlobalSection
	GlobalSection(ExtensibilityGlobals) = postSolution
		SolutionGuid = {1D2FE557-F4E7-4546-8CE9-0A866A6A51E4}
	EndGlobalSection
EndGlobal
